
Microsoft Visual Studio Solution File, Format Version 12.00
# Visual Studio Version 17
VisualStudioVersion = 17.10.34916.146
MinimumVisualStudioVersion = 10.0.40219.1
Project("{FAE04EC0-301F-11D3-BF4B-00C04F79EFBC}") = "GUI", "Project_a\GUI.csproj", "{5BA7F27F-B8CE-4E74-8060-A3204EF8BB3E}"
EndProject
Project("{FAE04EC0-301F-11D3-BF4B-00C04F79EFBC}") = "DTO", "DTO\DTO.csproj", "{F1AA890A-5F67-4B8B-BC00-322037A9B3F1}"
EndProject
Project("{FAE04EC0-301F-11D3-BF4B-00C04F79EFBC}") = "DAO", "DAO\DAO.csproj", "{E3FB8D52-54F3-458D-821D-3A4B88A6A696}"
EndProject
Project("{FAE04EC0-301F-11D3-BF4B-00C04F79EFBC}") = "BUS", "BUS\BUS.csproj", "{FDC8ACF1-8B18-421D-9DC6-E791E84AC1F9}"
EndProject
Project("{54435603-DBB4-11D2-8724-00A0C9A8B90C}") = "SetupClient", "SetupClient\SetupClient.vdproj", "{3B9DABBC-ED66-4626-8CD4-1D8B7D2188A5}"
EndProject
Global
	GlobalSection(SolutionConfigurationPlatforms) = preSolution
		Debug|Any CPU = Debug|Any CPU
		Release|Any CPU = Release|Any CPU
	EndGlobalSection
	GlobalSection(ProjectConfigurationPlatforms) = postSolution
		{5BA7F27F-B8CE-4E74-8060-A3204EF8BB3E}.Debug|Any CPU.ActiveCfg = Debug|Any CPU
		{5BA7F27F-B8CE-4E74-8060-A3204EF8BB3E}.Debug|Any CPU.Build.0 = Debug|Any CPU
		{5BA7F27F-B8CE-4E74-8060-A3204EF8BB3E}.Release|Any CPU.ActiveCfg = Release|Any CPU
		{5BA7F27F-B8CE-4E74-8060-A3204EF8BB3E}.Release|Any CPU.Build.0 = Release|Any CPU
		{F1AA890A-5F67-4B8B-BC00-322037A9B3F1}.Debug|Any CPU.ActiveCfg = Debug|Any CPU
		{F1AA890A-5F67-4B8B-BC00-322037A9B3F1}.Debug|Any CPU.Build.0 = Debug|Any CPU
		{F1AA890A-5F67-4B8B-BC00-322037A9B3F1}.Release|Any CPU.ActiveCfg = Release|Any CPU
		{F1AA890A-5F67-4B8B-BC00-322037A9B3F1}.Release|Any CPU.Build.0 = Release|Any CPU
		{E3FB8D52-54F3-458D-821D-3A4B88A6A696}.Debug|Any CPU.ActiveCfg = Debug|Any CPU
		{E3FB8D52-54F3-458D-821D-3A4B88A6A696}.Debug|Any CPU.Build.0 = Debug|Any CPU
		{E3FB8D52-54F3-458D-821D-3A4B88A6A696}.Release|Any CPU.ActiveCfg = Release|Any CPU
		{E3FB8D52-54F3-458D-821D-3A4B88A6A696}.Release|Any CPU.Build.0 = Release|Any CPU
		{FDC8ACF1-8B18-421D-9DC6-E791E84AC1F9}.Debug|Any CPU.ActiveCfg = Debug|Any CPU
		{FDC8ACF1-8B18-421D-9DC6-E791E84AC1F9}.Debug|Any CPU.Build.0 = Debug|Any CPU
		{FDC8ACF1-8B18-421D-9DC6-E791E84AC1F9}.Release|Any CPU.ActiveCfg = Release|Any CPU
		{FDC8ACF1-8B18-421D-9DC6-E791E84AC1F9}.Release|Any CPU.Build.0 = Release|Any CPU
		{3B9DABBC-ED66-4626-8CD4-1D8B7D2188A5}.Debug|Any CPU.ActiveCfg = Debug
		{3B9DABBC-ED66-4626-8CD4-1D8B7D2188A5}.Release|Any CPU.ActiveCfg = Release
	EndGlobalSection
	GlobalSection(SolutionProperties) = preSolution
		HideSolutionNode = FALSE
	EndGlobalSection
	GlobalSection(ExtensibilityGlobals) = postSolution
		SolutionGuid = {995B1C3B-B017-478E-83BD-0595E61DE317}
	EndGlobalSection
EndGlobal
